
Microsoft Visual Studio Solution File, Format Version 9.00
# Visual Studio 2005
Project("{FAE04EC0-301F-11D3-BF4B-00C04F79EFBC}") = "SocketServer", "SocketServer.csproj", "{2DD53583-AF55-4CAF-8D63-F60C3ED69F57}"
EndProject
Project("{FAE04EC0-301F-11D3-BF4B-00C04F79EFBC}") = "TelnetTest", "..\TelnetTest\TelnetTest.csproj", "{F9E5625D-CC47-4E2E-B742-4925B9D3F967}"
EndProject
Global
	GlobalSection(SolutionConfigurationPlatforms) = preSolution
		Debug|Any CPU = Debug|Any CPU
		Release|Any CPU = Release|Any CPU
	EndGlobalSection
	GlobalSection(ProjectConfigurationPlatforms) = postSolution
		{2DD53583-AF55-4CAF-8D63-F60C3ED69F57}.Debug|Any CPU.ActiveCfg = Debug|Any CPU
		{2DD53583-AF55-4CAF-8D63-F60C3ED69F57}.Debug|Any CPU.Build.0 = Debug|Any CPU
		{2DD53583-AF55-4CAF-8D63-F60C3ED69F57}.Release|Any CPU.ActiveCfg = Release|Any CPU
		{2DD53583-AF55-4CAF-8D63-F60C3ED69F57}.Release|Any CPU.Build.0 = Release|Any CPU
		{F9E5625D-CC47-4E2E-B742-4925B9D3F967}.Debug|Any CPU.ActiveCfg = Debug|Any CPU
		{F9E5625D-CC47-4E2E-B742-4925B9D3F967}.Debug|Any CPU.Build.0 = Debug|Any CPU
		{F9E5625D-CC47-4E2E-B742-4925B9D3F967}.Release|Any CPU.ActiveCfg = Release|Any CPU
		{F9E5625D-CC47-4E2E-B742-4925B9D3F967}.Release|Any CPU.Build.0 = Release|Any CPU
	EndGlobalSection
	GlobalSection(SolutionProperties) = preSolution
		HideSolutionNode = FALSE
	EndGlobalSection
EndGlobal
