Microsoft Visual Studio Solution File, Format Version 11.00
# Visual Studio 2010
Project("{FAE04EC0-301F-11D3-BF4B-00C04F79EFBC}") = "ObjectQuery", "ObjectQuery\ObjectQuery.csproj", "{97FCFED4-36CB-4115-A4D9-9E56DDB75CE3}"
EndProject
Project("{FAE04EC0-301F-11D3-BF4B-00C04F79EFBC}") = "SMarTICY Service", "SMarTICY Service\WindowsService1\SMarTICY Service.csproj", "{60B79591-0AE0-4793-ACD2-B26DD039C82B}"
EndProject
Project("{54435603-DBB4-11D2-8724-00A0C9A8B90C}") = "SetupSMarTICY Suite", "SetupService\SetupService.vdproj", "{C2E533C3-0C2A-4FA7-B12B-9CBC5B30088B}"
EndProject
Project("{FAE04EC0-301F-11D3-BF4B-00C04F79EFBC}") = "ICYServer", "ICYServer\ICYServer.csproj", "{670AFC00-5E8A-4187-A997-78C9F8F4A704}"
EndProject
Project("{FAE04EC0-301F-11D3-BF4B-00C04F79EFBC}") = "Service UI", "Service UI\Service UI.csproj", "{E8EA1C90-5B52-448B-BFE8-3C52237A7DAD}"
EndProject
Project("{FAE04EC0-301F-11D3-BF4B-00C04F79EFBC}") = "Tracklist.Domain", "Tracklist.Domain\Tracklist.Domain.csproj", "{73736397-4E1D-489F-BC88-A4852B5C725A}"
EndProject
Project("{FAE04EC0-301F-11D3-BF4B-00C04F79EFBC}") = "SocketServer", "SocketServer\SocketServer.csproj", "{2DD53583-AF55-4CAF-8D63-F60C3ED69F57}"
EndProject
Project("{FAE04EC0-301F-11D3-BF4B-00C04F79EFBC}") = "ObjectEventQueue", "MessageQueue\ObjectEventQueue.csproj", "{40566E41-9327-4E06-BE43-462DAFA87B9B}"
EndProject
Project("{FAE04EC0-301F-11D3-BF4B-00C04F79EFBC}") = "MP3Info", "MP3Info\MP3Info.csproj", "{7D912ADD-40E2-4BD7-8010-AA8CC07ABBA8}"
EndProject
Project("{FAE04EC0-301F-11D3-BF4B-00C04F79EFBC}") = "ICYServer Console", "ICYServer Console\ICYServer Console.csproj", "{F509A316-EA2B-454C-AE33-320199748DFC}"
EndProject
Global
	GlobalSection(SolutionConfigurationPlatforms) = preSolution
		Debug|Any CPU = Debug|Any CPU
		Release|Any CPU = Release|Any CPU
	EndGlobalSection
	GlobalSection(ProjectConfigurationPlatforms) = postSolution
		{97FCFED4-36CB-4115-A4D9-9E56DDB75CE3}.Debug|Any CPU.ActiveCfg = Debug|Any CPU
		{97FCFED4-36CB-4115-A4D9-9E56DDB75CE3}.Debug|Any CPU.Build.0 = Debug|Any CPU
		{97FCFED4-36CB-4115-A4D9-9E56DDB75CE3}.Release|Any CPU.ActiveCfg = Release|Any CPU
		{97FCFED4-36CB-4115-A4D9-9E56DDB75CE3}.Release|Any CPU.Build.0 = Release|Any CPU
		{60B79591-0AE0-4793-ACD2-B26DD039C82B}.Debug|Any CPU.ActiveCfg = Debug|Any CPU
		{60B79591-0AE0-4793-ACD2-B26DD039C82B}.Debug|Any CPU.Build.0 = Debug|Any CPU
		{60B79591-0AE0-4793-ACD2-B26DD039C82B}.Release|Any CPU.ActiveCfg = Release|Any CPU
		{60B79591-0AE0-4793-ACD2-B26DD039C82B}.Release|Any CPU.Build.0 = Release|Any CPU
		{C2E533C3-0C2A-4FA7-B12B-9CBC5B30088B}.Debug|Any CPU.ActiveCfg = Debug
		{C2E533C3-0C2A-4FA7-B12B-9CBC5B30088B}.Release|Any CPU.ActiveCfg = Release
		{670AFC00-5E8A-4187-A997-78C9F8F4A704}.Debug|Any CPU.ActiveCfg = Debug|Any CPU
		{670AFC00-5E8A-4187-A997-78C9F8F4A704}.Debug|Any CPU.Build.0 = Debug|Any CPU
		{670AFC00-5E8A-4187-A997-78C9F8F4A704}.Release|Any CPU.ActiveCfg = Release|Any CPU
		{670AFC00-5E8A-4187-A997-78C9F8F4A704}.Release|Any CPU.Build.0 = Release|Any CPU
		{E8EA1C90-5B52-448B-BFE8-3C52237A7DAD}.Debug|Any CPU.ActiveCfg = Debug|Any CPU
		{E8EA1C90-5B52-448B-BFE8-3C52237A7DAD}.Debug|Any CPU.Build.0 = Debug|Any CPU
		{E8EA1C90-5B52-448B-BFE8-3C52237A7DAD}.Release|Any CPU.ActiveCfg = Release|Any CPU
		{E8EA1C90-5B52-448B-BFE8-3C52237A7DAD}.Release|Any CPU.Build.0 = Release|Any CPU
		{73736397-4E1D-489F-BC88-A4852B5C725A}.Debug|Any CPU.ActiveCfg = Debug|Any CPU
		{73736397-4E1D-489F-BC88-A4852B5C725A}.Debug|Any CPU.Build.0 = Debug|Any CPU
		{73736397-4E1D-489F-BC88-A4852B5C725A}.Release|Any CPU.ActiveCfg = Release|Any CPU
		{73736397-4E1D-489F-BC88-A4852B5C725A}.Release|Any CPU.Build.0 = Release|Any CPU
		{2DD53583-AF55-4CAF-8D63-F60C3ED69F57}.Debug|Any CPU.ActiveCfg = Debug|Any CPU
		{2DD53583-AF55-4CAF-8D63-F60C3ED69F57}.Debug|Any CPU.Build.0 = Debug|Any CPU
		{2DD53583-AF55-4CAF-8D63-F60C3ED69F57}.Release|Any CPU.ActiveCfg = Release|Any CPU
		{2DD53583-AF55-4CAF-8D63-F60C3ED69F57}.Release|Any CPU.Build.0 = Release|Any CPU
		{40566E41-9327-4E06-BE43-462DAFA87B9B}.Debug|Any CPU.ActiveCfg = Debug|Any CPU
		{40566E41-9327-4E06-BE43-462DAFA87B9B}.Debug|Any CPU.Build.0 = Debug|Any CPU
		{40566E41-9327-4E06-BE43-462DAFA87B9B}.Release|Any CPU.ActiveCfg = Release|Any CPU
		{40566E41-9327-4E06-BE43-462DAFA87B9B}.Release|Any CPU.Build.0 = Release|Any CPU
		{7D912ADD-40E2-4BD7-8010-AA8CC07ABBA8}.Debug|Any CPU.ActiveCfg = Debug|Any CPU
		{7D912ADD-40E2-4BD7-8010-AA8CC07ABBA8}.Debug|Any CPU.Build.0 = Debug|Any CPU
		{7D912ADD-40E2-4BD7-8010-AA8CC07ABBA8}.Release|Any CPU.ActiveCfg = Release|Any CPU
		{7D912ADD-40E2-4BD7-8010-AA8CC07ABBA8}.Release|Any CPU.Build.0 = Release|Any CPU
		{F509A316-EA2B-454C-AE33-320199748DFC}.Debug|Any CPU.ActiveCfg = Debug|Any CPU
		{F509A316-EA2B-454C-AE33-320199748DFC}.Debug|Any CPU.Build.0 = Debug|Any CPU
		{F509A316-EA2B-454C-AE33-320199748DFC}.Release|Any CPU.ActiveCfg = Release|Any CPU
		{F509A316-EA2B-454C-AE33-320199748DFC}.Release|Any CPU.Build.0 = Release|Any CPU
	EndGlobalSection
	GlobalSection(SolutionProperties) = preSolution
		HideSolutionNode = FALSE
	EndGlobalSection
EndGlobal
