
Microsoft Visual Studio Solution File, Format Version 9.00
# Visual Studio 2005
Project("{FAE04EC0-301F-11D3-BF4B-00C04F79EFBC}") = "ICYServer Stress Test Harness", "ICYServer Stress Test Harness\ICYServer Stress Test Harness.csproj", "{B27DBDDB-8C8D-453F-95F1-BFF59ECF013D}"
	ProjectSection(WebsiteProperties) = preProject
		Debug.AspNetCompiler.Debug = "True"
		Release.AspNetCompiler.Debug = "False"
	EndProjectSection
EndProject
Global
	GlobalSection(SolutionConfigurationPlatforms) = preSolution
		Debug|Any CPU = Debug|Any CPU
		Release|Any CPU = Release|Any CPU
	EndGlobalSection
	GlobalSection(ProjectConfigurationPlatforms) = postSolution
		{B27DBDDB-8C8D-453F-95F1-BFF59ECF013D}.Debug|Any CPU.ActiveCfg = Debug|Any CPU
		{B27DBDDB-8C8D-453F-95F1-BFF59ECF013D}.Debug|Any CPU.Build.0 = Debug|Any CPU
		{B27DBDDB-8C8D-453F-95F1-BFF59ECF013D}.Release|Any CPU.ActiveCfg = Release|Any CPU
		{B27DBDDB-8C8D-453F-95F1-BFF59ECF013D}.Release|Any CPU.Build.0 = Release|Any CPU
	EndGlobalSection
	GlobalSection(SolutionProperties) = preSolution
		HideSolutionNode = FALSE
	EndGlobalSection
EndGlobal
